
Microsoft Visual Studio Solution File, Format Version 12.00
# Visual Studio Version 16
VisualStudioVersion = 16.0.31624.102
MinimumVisualStudioVersion = 10.0.40219.1
Project("{9A19103F-16F7-4668-BE54-9A1E7A4F7556}") = "R4ClothesAPI", "R4ClothesAPI\R4ClothesAPI.csproj", "{2095917C-B7AA-4D6A-94C2-3BECD79075DC}"
EndProject
Project("{9A19103F-16F7-4668-BE54-9A1E7A4F7556}") = "R4Clothes.Shared", "R4Clothes.Shared\R4Clothes.Shared.csproj", "{7437A194-0DE5-44CE-9B17-58E53C7FA71A}"
EndProject
Global
	GlobalSection(SolutionConfigurationPlatforms) = preSolution
		Debug|Any CPU = Debug|Any CPU
		Release|Any CPU = Release|Any CPU
	EndGlobalSection
	GlobalSection(ProjectConfigurationPlatforms) = postSolution
		{2095917C-B7AA-4D6A-94C2-3BECD79075DC}.Debug|Any CPU.ActiveCfg = Debug|Any CPU
		{2095917C-B7AA-4D6A-94C2-3BECD79075DC}.Debug|Any CPU.Build.0 = Debug|Any CPU
		{2095917C-B7AA-4D6A-94C2-3BECD79075DC}.Release|Any CPU.ActiveCfg = Release|Any CPU
		{2095917C-B7AA-4D6A-94C2-3BECD79075DC}.Release|Any CPU.Build.0 = Release|Any CPU
		{7437A194-0DE5-44CE-9B17-58E53C7FA71A}.Debug|Any CPU.ActiveCfg = Debug|Any CPU
		{7437A194-0DE5-44CE-9B17-58E53C7FA71A}.Debug|Any CPU.Build.0 = Debug|Any CPU
		{7437A194-0DE5-44CE-9B17-58E53C7FA71A}.Release|Any CPU.ActiveCfg = Release|Any CPU
		{7437A194-0DE5-44CE-9B17-58E53C7FA71A}.Release|Any CPU.Build.0 = Release|Any CPU
	EndGlobalSection
	GlobalSection(SolutionProperties) = preSolution
		HideSolutionNode = FALSE
	EndGlobalSection
	GlobalSection(ExtensibilityGlobals) = postSolution
		SolutionGuid = {4D5002B8-7B6E-4786-93D2-F80321F80490}
	EndGlobalSection
EndGlobal
